{
  "lockfileVersion": 1,
  "configVersion": 1,
  "workspaces": {
    "": {
      "name": "opentriiva",
      "devDependencies": {
        "prettier": "^3.2.5",
        "turbo": "^2.0.0",
        "typescript": "^5.3.3",
      },
    },
  },
  "packages": {
    "prettier": ["prettier@3.8.1", "", { "bin": { "prettier": "bin/prettier.cjs" } }, "sha512-UOnG6LftzbdaHZcKoPFtOcCKztrQ57WkHDeRD9t/PTQtmT0NHSeWWepj6pS0z/N7+08BHFDQVUrfmfMRcZwbMg=="],

    "turbo": ["turbo@2.8.8", "", { "optionalDependencies": { "turbo-darwin-64": "2.8.8", "turbo-darwin-arm64": "2.8.8", "turbo-linux-64": "2.8.8", "turbo-linux-arm64": "2.8.8", "turbo-windows-64": "2.8.8", "turbo-windows-arm64": "2.8.8" }, "bin": { "turbo": "bin/turbo" } }, "sha512-wP+axjWAKzYfZ7bghuggVST9bX4j5cn3NPMU9NPQqtwaUKL9n9JOnWWBIc9gdrEma1aViYR73EoPjDEpVq+liQ=="],

    "turbo-darwin-64": ["turbo-darwin-64@2.8.8", "", { "os": "darwin", "cpu": "x64" }, "sha512-7R/XRAleyNB8nIJuenRpS7EnmCM/kYFgcG1rW3F5DF57Nl4WyBO3DzxqwooRheuoXDD1UsJvDse0yRufgxjClA=="],

    "turbo-darwin-arm64": ["turbo-darwin-arm64@2.8.8", "", { "os": "darwin", "cpu": "arm64" }, "sha512-whpveO0w/dMcgQ0zFrzqK76mG2W+RBQ/pKIpW+sEvNr+T4UcYd2gZpfV2euehJLvdeFErWgW74dIt/MFfkG1bA=="],

    "turbo-linux-64": ["turbo-linux-64@2.8.8", "", { "os": "linux", "cpu": "x64" }, "sha512-BISkcKk+5/Dh11q+YhdQIGONXmdlQ6LY0iQ+GBIK7QOBAJyJFKmKvUeAeMdWGXOa3sImz2oZ6u2StyR+0Y/VVA=="],

    "turbo-linux-arm64": ["turbo-linux-arm64@2.8.8", "", { "os": "linux", "cpu": "arm64" }, "sha512-B+DQWWtM3O+AexFF4aYucT0MvvnQOW4n5y9LA5h3Zc3Lpj10yl9K4dEBzJvMVQ2jTkCRNAvA8q9G3EjqmGmGGA=="],

    "turbo-windows-64": ["turbo-windows-64@2.8.8", "", { "os": "win32", "cpu": "x64" }, "sha512-KP5TRVrmVnrxDyvERvQq7VXu+h5AiEiBwyr90YsRuYy/Z5zLz8hrNZXejTyUR17xmnuI+RbUSxrQlfmPnxiW1A=="],

    "turbo-windows-arm64": ["turbo-windows-arm64@2.8.8", "", { "os": "win32", "cpu": "arm64" }, "sha512-X45sTOksR8iidk+PZUXpNcfEkOhGCTS2p2J8nSUExr1v7u3T4FixwplzliuWmG7QTPGJapAwItzHbi+d/9ckNQ=="],

    "typescript": ["typescript@5.9.3", "", { "bin": { "tsc": "bin/tsc", "tsserver": "bin/tsserver" } }, "sha512-jl1vZzPDinLr9eUt3J/t7V6FgNEw9QjvBPdysz9KfQDD41fQrC2Y4vKQdiaUpFT4bXlb1RHhLpp8wtm6M5TgSw=="],
  }
}
